# @GL-governed
# @GL-layer: GL00-09
# @GL-semantic: general-component
# @GL-audit-trail: gl-platform-universe/governance/audit-trails/GL00_09-audit.json
#
# GL Unified Charter Activated
# GL Root Semantic Anchor: gl-platform-universe/governance/GL-ROOT-SEMANTIC-ANCHOR.yaml
# GL Unified Naming Charter: gl-platform-universe/governance/GL-UNIFIED-NAMING-CHARTER.yaml


{
  "name": "machine-native-ops-root",
  "version": "1.0.0",
  "lockfileVersion": 3,
  "requires": true,
  "packages": {
    "": {
      "name": "machine-native-ops-root",
      "version": "1.0.0",
      "license": "BSL-1.0",
      "workspaces": [
        "workspace/src/mcp-servers",
        "workspace/src/core/contract_service/contracts-L1/contracts",
        "workspace/src/core/advisory-database",
        "workspace/archive/unmanned-engineer-ceo/80-skeleton-configs"
      ]
    },
    "workspace/src/core/advisory-database": {
      "name": "@machinenativeops/advisory-database",
      "version": "1.0.0",
      "extraneous": true,
      "license": "MIT",
      "dependencies": {
        "zod": "^4.3.6"
      },
      "devDependencies": {
        "@types/jest": "^30.0.0",
        "@typescript-eslint/eslint-plugin": "^8.54.0",
        "@typescript-eslint/parser": "^8.49.0",
        "eslint": "^9.39.2",
        "jest": "^30.2.0",
        "ts-jest": "^29.2.5"
      },
      "engines": {
        "node": ">=18.0.0"
      }
    },
    "workspace/src/core/contract_service/contracts-L1/contracts": {
      "name": "@machinenativeops/contracts-l1",
      "version": "1.0.0",
      "extraneous": true,
      "license": "MIT",
      "dependencies": {
        "@sigstore/sign": "^4.1.0",
        "@sigstore/verify": "^3.1.0",
        "cors": "^2.8.6",
        "crypto": "^1.0.1",
        "express": "^5.2.1",
        "express-rate-limit": "^8.2.1",
        "helmet": "^8.1.0",
        "ioredis": "^5.9.2",
        "rate-limit-redis": "^4.3.1",
        "sanitize-filename": "^1.6.3",
        "uuid": "^13.0.0",
        "zod": "^4.3.6"
      },
      "devDependencies": {
        "@types/cors": "^2.8.19",
        "@types/express": "^5.0.6",
        "@types/helmet": "^4.0.0",
        "@types/jest": "^30.0.0",
        "@types/node": "^25.0.10",
        "@types/supertest": "^6.0.3",
        "@types/uuid": "^11.0.0",
        "@typescript-eslint/eslint-plugin": "^8.54.0",
        "@typescript-eslint/parser": "^8.49.0",
        "eslint": "^9.39.2",
        "eslint-config-prettier": "^10.1.8",
        "eslint-import-resolver-typescript": "^4.4.4",
        "eslint-plugin-import": "^2.32.0",
        "eslint-plugin-prettier": "^5.5.5",
        "jest": "^30.2.0",
        "prettier": "^3.8.1",
        "rimraf": "^6.1.2",
        "supertest": "^7.2.2",
        "ts-jest": "^29.2.5",
        "tsx": "^4.19.2",
        "typescript": "^5.9.3"
      },
      "engines": {
        "node": ">=18.0.0",
        "npm": ">=8.0.0"
      }
    },
    "workspace/src/mcp-servers": {
      "name": "@machinenativeops/mcp-servers",
      "version": "1.0.0",
      "extraneous": true,
      "license": "MIT",
      "dependencies": {
        "@modelcontextprotocol/sdk": "^1.25.3",
        "hono": "^4.11.7",
        "zod": "^4.3.6"
      },
      "devDependencies": {
        "eslint": "^9.39.2"
      },
      "engines": {
        "node": ">=18.0.0"
      }
    }
  }
}
